
Microsoft Visual Studio Solution File, Format Version 12.00
# Visual Studio Version 17
VisualStudioVersion = 17.0.32112.339
MinimumVisualStudioVersion = 10.0.40219.1
Project("{9A19103F-16F7-4668-BE54-9A1E7A4F7556}") = "MovieShopMVC", "MovieShopMVC\MovieShopMVC.csproj", "{01ACF33D-A0FB-455F-8740-47C76A217A36}"
EndProject
Project("{9A19103F-16F7-4668-BE54-9A1E7A4F7556}") = "ApplicationCore", "ApplicationCore\ApplicationCore.csproj", "{F30099A1-06CC-4701-9F7C-4395E9ABCB67}"
EndProject
Project("{9A19103F-16F7-4668-BE54-9A1E7A4F7556}") = "Infrastructure", "Infrasturcture\Infrastructure.csproj", "{C478553A-B3C6-4D81-966F-97874428D8E7}"
EndProject
Project("{FAE04EC0-301F-11D3-BF4B-00C04F79EFBC}") = "MovieShopAPI", "MovieShopAPI\MovieShopAPI.csproj", "{3815AF11-98B0-4585-AB1B-0476CA1CD104}"
EndProject
Global
	GlobalSection(SolutionConfigurationPlatforms) = preSolution
		Debug|Any CPU = Debug|Any CPU
		Release|Any CPU = Release|Any CPU
	EndGlobalSection
	GlobalSection(ProjectConfigurationPlatforms) = postSolution
		{01ACF33D-A0FB-455F-8740-47C76A217A36}.Debug|Any CPU.ActiveCfg = Debug|Any CPU
		{01ACF33D-A0FB-455F-8740-47C76A217A36}.Debug|Any CPU.Build.0 = Debug|Any CPU
		{01ACF33D-A0FB-455F-8740-47C76A217A36}.Release|Any CPU.ActiveCfg = Release|Any CPU
		{01ACF33D-A0FB-455F-8740-47C76A217A36}.Release|Any CPU.Build.0 = Release|Any CPU
		{F30099A1-06CC-4701-9F7C-4395E9ABCB67}.Debug|Any CPU.ActiveCfg = Debug|Any CPU
		{F30099A1-06CC-4701-9F7C-4395E9ABCB67}.Debug|Any CPU.Build.0 = Debug|Any CPU
		{F30099A1-06CC-4701-9F7C-4395E9ABCB67}.Release|Any CPU.ActiveCfg = Release|Any CPU
		{F30099A1-06CC-4701-9F7C-4395E9ABCB67}.Release|Any CPU.Build.0 = Release|Any CPU
		{C478553A-B3C6-4D81-966F-97874428D8E7}.Debug|Any CPU.ActiveCfg = Debug|Any CPU
		{C478553A-B3C6-4D81-966F-97874428D8E7}.Debug|Any CPU.Build.0 = Debug|Any CPU
		{C478553A-B3C6-4D81-966F-97874428D8E7}.Release|Any CPU.ActiveCfg = Release|Any CPU
		{C478553A-B3C6-4D81-966F-97874428D8E7}.Release|Any CPU.Build.0 = Release|Any CPU
		{3815AF11-98B0-4585-AB1B-0476CA1CD104}.Debug|Any CPU.ActiveCfg = Debug|Any CPU
		{3815AF11-98B0-4585-AB1B-0476CA1CD104}.Debug|Any CPU.Build.0 = Debug|Any CPU
		{3815AF11-98B0-4585-AB1B-0476CA1CD104}.Release|Any CPU.ActiveCfg = Release|Any CPU
		{3815AF11-98B0-4585-AB1B-0476CA1CD104}.Release|Any CPU.Build.0 = Release|Any CPU
	EndGlobalSection
	GlobalSection(SolutionProperties) = preSolution
		HideSolutionNode = FALSE
	EndGlobalSection
	GlobalSection(ExtensibilityGlobals) = postSolution
		SolutionGuid = {8057A750-0C22-4821-A753-ED8FE679B918}
	EndGlobalSection
EndGlobal
